// !$*UTF8*$!
{
	archiveVersion = 1;
	classes = {
	};
	objectVersion = 55;
	objects = {

/* Begin PBXBuildFile section */
		21770DAA28584E1E00ECB5D7 /* ITunesSearchApp.swift in Sources */ = {isa = PBXBuildFile; fileRef = 21770DA928584E1E00ECB5D7 /* ITunesSearchApp.swift */; };
		21770DAE28584E2000ECB5D7 /* Assets.xcassets in Resources */ = {isa = PBXBuildFile; fileRef = 21770DAD28584E2000ECB5D7 /* Assets.xcassets */; };
		21770DB128584E2000ECB5D7 /* Preview Assets.xcassets in Resources */ = {isa = PBXBuildFile; fileRef = 21770DB028584E2000ECB5D7 /* Preview Assets.xcassets */; };
		21770DB328584E2000ECB5D7 /* Persistence.swift in Sources */ = {isa = PBXBuildFile; fileRef = 21770DB228584E2000ECB5D7 /* Persistence.swift */; };
		21770DB628584E2000ECB5D7 /* itunes_search_test.xcdatamodeld in Sources */ = {isa = PBXBuildFile; fileRef = 21770DB428584E2000ECB5D7 /* itunes_search_test.xcdatamodeld */; };
		21770DBE2858BB5700ECB5D7 /* Item.swift in Sources */ = {isa = PBXBuildFile; fileRef = 21770DBD2858BB5700ECB5D7 /* Item.swift */; };
		21770DC12858BD2600ECB5D7 /* MainView.swift in Sources */ = {isa = PBXBuildFile; fileRef = 21770DC02858BD2600ECB5D7 /* MainView.swift */; };
		21770DC72858BE1D00ECB5D7 /* MainListItemViewModel.swift in Sources */ = {isa = PBXBuildFile; fileRef = 21770DC62858BE1D00ECB5D7 /* MainListItemViewModel.swift */; };
		21770DC92858BE3900ECB5D7 /* MainListItemView.swift in Sources */ = {isa = PBXBuildFile; fileRef = 21770DC82858BE3900ECB5D7 /* MainListItemView.swift */; };
		21770DCC2858BF0900ECB5D7 /* Constants.swift in Sources */ = {isa = PBXBuildFile; fileRef = 21770DCB2858BF0900ECB5D7 /* Constants.swift */; };
		21770DCE2858BF1E00ECB5D7 /* AppError.swift in Sources */ = {isa = PBXBuildFile; fileRef = 21770DCD2858BF1E00ECB5D7 /* AppError.swift */; };
		21770DD12858BF8100ECB5D7 /* Alamofire in Frameworks */ = {isa = PBXBuildFile; productRef = 21770DD02858BF8100ECB5D7 /* Alamofire */; };
		21770DD42858BF8E00ECB5D7 /* Kingfisher in Frameworks */ = {isa = PBXBuildFile; productRef = 21770DD32858BF8E00ECB5D7 /* Kingfisher */; };
		21770DD72858BFB800ECB5D7 /* APIConfigurationProtocol.swift in Sources */ = {isa = PBXBuildFile; fileRef = 21770DD62858BFB800ECB5D7 /* APIConfigurationProtocol.swift */; };
		21770DDA2858BFE700ECB5D7 /* SearchRoutes.swift in Sources */ = {isa = PBXBuildFile; fileRef = 21770DD92858BFE700ECB5D7 /* SearchRoutes.swift */; };
		21770DDE2858C02500ECB5D7 /* APIManager.swift in Sources */ = {isa = PBXBuildFile; fileRef = 21770DDD2858C02500ECB5D7 /* APIManager.swift */; };
		21770DE02858C04700ECB5D7 /* APIManager+Search.swift in Sources */ = {isa = PBXBuildFile; fileRef = 21770DDF2858C04700ECB5D7 /* APIManager+Search.swift */; };
		21770DE42858C07A00ECB5D7 /* Date+StringFormat.swift in Sources */ = {isa = PBXBuildFile; fileRef = 21770DE22858C07A00ECB5D7 /* Date+StringFormat.swift */; };
		21770DE52858C07A00ECB5D7 /* AppExtensions.swift in Sources */ = {isa = PBXBuildFile; fileRef = 21770DE32858C07A00ECB5D7 /* AppExtensions.swift */; };
		21770DE82858C19A00ECB5D7 /* DetailsViewModel.swift in Sources */ = {isa = PBXBuildFile; fileRef = 21770DE72858C19A00ECB5D7 /* DetailsViewModel.swift */; };
		21770DEA2858C1A700ECB5D7 /* DetailsView.swift in Sources */ = {isa = PBXBuildFile; fileRef = 21770DE92858C1A700ECB5D7 /* DetailsView.swift */; };
		21770DED2858C7CC00ECB5D7 /* BaseViewModel.swift in Sources */ = {isa = PBXBuildFile; fileRef = 21770DEC2858C7CC00ECB5D7 /* BaseViewModel.swift */; };
		21770DF22858D46A00ECB5D7 /* FavoritesListView.swift in Sources */ = {isa = PBXBuildFile; fileRef = 21770DF12858D46A00ECB5D7 /* FavoritesListView.swift */; };
		21770DF42858D47900ECB5D7 /* SearchListView.swift in Sources */ = {isa = PBXBuildFile; fileRef = 21770DF32858D47900ECB5D7 /* SearchListView.swift */; };
		21770DF62858D4F600ECB5D7 /* SearchListViewModel.swift in Sources */ = {isa = PBXBuildFile; fileRef = 21770DF52858D4F600ECB5D7 /* SearchListViewModel.swift */; };
		21770DF82858D54E00ECB5D7 /* FavoritesListViewModel.swift in Sources */ = {isa = PBXBuildFile; fileRef = 21770DF72858D54E00ECB5D7 /* FavoritesListViewModel.swift */; };
/* End PBXBuildFile section */

/* Begin PBXFileReference section */
		21770DA628584E1E00ECB5D7 /* itunes-search-test.app */ = {isa = PBXFileReference; explicitFileType = wrapper.application; includeInIndex = 0; path = "itunes-search-test.app"; sourceTree = BUILT_PRODUCTS_DIR; };
		21770DA928584E1E00ECB5D7 /* ITunesSearchApp.swift */ = {isa = PBXFileReference; lastKnownFileType = sourcecode.swift; path = ITunesSearchApp.swift; sourceTree = "<group>"; };
		21770DAD28584E2000ECB5D7 /* Assets.xcassets */ = {isa = PBXFileReference; lastKnownFileType = folder.assetcatalog; path = Assets.xcassets; sourceTree = "<group>"; };
		21770DB028584E2000ECB5D7 /* Preview Assets.xcassets */ = {isa = PBXFileReference; lastKnownFileType = folder.assetcatalog; path = "Preview Assets.xcassets"; sourceTree = "<group>"; };
		21770DB228584E2000ECB5D7 /* Persistence.swift */ = {isa = PBXFileReference; lastKnownFileType = sourcecode.swift; path = Persistence.swift; sourceTree = "<group>"; };
		21770DB528584E2000ECB5D7 /* itunes_search_test.xcdatamodel */ = {isa = PBXFileReference; lastKnownFileType = wrapper.xcdatamodel; path = itunes_search_test.xcdatamodel; sourceTree = "<group>"; };
		21770DBD2858BB5700ECB5D7 /* Item.swift */ = {isa = PBXFileReference; lastKnownFileType = sourcecode.swift; path = Item.swift; sourceTree = "<group>"; };
		21770DC02858BD2600ECB5D7 /* MainView.swift */ = {isa = PBXFileReference; lastKnownFileType = sourcecode.swift; path = MainView.swift; sourceTree = "<group>"; };
		21770DC62858BE1D00ECB5D7 /* MainListItemViewModel.swift */ = {isa = PBXFileReference; lastKnownFileType = sourcecode.swift; path = MainListItemViewModel.swift; sourceTree = "<group>"; };
		21770DC82858BE3900ECB5D7 /* MainListItemView.swift */ = {isa = PBXFileReference; lastKnownFileType = sourcecode.swift; path = MainListItemView.swift; sourceTree = "<group>"; };
		21770DCB2858BF0900ECB5D7 /* Constants.swift */ = {isa = PBXFileReference; lastKnownFileType = sourcecode.swift; path = Constants.swift; sourceTree = "<group>"; };
		21770DCD2858BF1E00ECB5D7 /* AppError.swift */ = {isa = PBXFileReference; lastKnownFileType = sourcecode.swift; path = AppError.swift; sourceTree = "<group>"; };
		21770DD62858BFB800ECB5D7 /* APIConfigurationProtocol.swift */ = {isa = PBXFileReference; lastKnownFileType = sourcecode.swift; path = APIConfigurationProtocol.swift; sourceTree = "<group>"; };
		21770DD92858BFE700ECB5D7 /* SearchRoutes.swift */ = {isa = PBXFileReference; lastKnownFileType = sourcecode.swift; path = SearchRoutes.swift; sourceTree = "<group>"; };
		21770DDD2858C02500ECB5D7 /* APIManager.swift */ = {isa = PBXFileReference; lastKnownFileType = sourcecode.swift; path = APIManager.swift; sourceTree = "<group>"; };
		21770DDF2858C04700ECB5D7 /* APIManager+Search.swift */ = {isa = PBXFileReference; lastKnownFileType = sourcecode.swift; path = "APIManager+Search.swift"; sourceTree = "<group>"; };
		21770DE22858C07A00ECB5D7 /* Date+StringFormat.swift */ = {isa = PBXFileReference; fileEncoding = 4; lastKnownFileType = sourcecode.swift; path = "Date+StringFormat.swift"; sourceTree = "<group>"; };
		21770DE32858C07A00ECB5D7 /* AppExtensions.swift */ = {isa = PBXFileReference; fileEncoding = 4; lastKnownFileType = sourcecode.swift; path = AppExtensions.swift; sourceTree = "<group>"; };
		21770DE72858C19A00ECB5D7 /* DetailsViewModel.swift */ = {isa = PBXFileReference; lastKnownFileType = sourcecode.swift; path = DetailsViewModel.swift; sourceTree = "<group>"; };
		21770DE92858C1A700ECB5D7 /* DetailsView.swift */ = {isa = PBXFileReference; lastKnownFileType = sourcecode.swift; path = DetailsView.swift; sourceTree = "<group>"; };
		21770DEC2858C7CC00ECB5D7 /* BaseViewModel.swift */ = {isa = PBXFileReference; lastKnownFileType = sourcecode.swift; path = BaseViewModel.swift; sourceTree = "<group>"; };
		21770DF12858D46A00ECB5D7 /* FavoritesListView.swift */ = {isa = PBXFileReference; lastKnownFileType = sourcecode.swift; path = FavoritesListView.swift; sourceTree = "<group>"; };
		21770DF32858D47900ECB5D7 /* SearchListView.swift */ = {isa = PBXFileReference; lastKnownFileType = sourcecode.swift; path = SearchListView.swift; sourceTree = "<group>"; };
		21770DF52858D4F600ECB5D7 /* SearchListViewModel.swift */ = {isa = PBXFileReference; lastKnownFileType = sourcecode.swift; path = SearchListViewModel.swift; sourceTree = "<group>"; };
		21770DF72858D54E00ECB5D7 /* FavoritesListViewModel.swift */ = {isa = PBXFileReference; lastKnownFileType = sourcecode.swift; path = FavoritesListViewModel.swift; sourceTree = "<group>"; };
/* End PBXFileReference section */

/* Begin PBXFrameworksBuildPhase section */
		21770DA328584E1E00ECB5D7 /* Frameworks */ = {
			isa = PBXFrameworksBuildPhase;
			buildActionMask = 2147483647;
			files = (
				21770DD42858BF8E00ECB5D7 /* Kingfisher in Frameworks */,
				21770DD12858BF8100ECB5D7 /* Alamofire in Frameworks */,
			);
			runOnlyForDeploymentPostprocessing = 0;
		};
/* End PBXFrameworksBuildPhase section */

/* Begin PBXGroup section */
		21770D9D28584E1E00ECB5D7 = {
			isa = PBXGroup;
			children = (
				21770DA828584E1E00ECB5D7 /* itunes-search-test */,
				21770DA728584E1E00ECB5D7 /* Products */,
			);
			sourceTree = "<group>";
		};
		21770DA728584E1E00ECB5D7 /* Products */ = {
			isa = PBXGroup;
			children = (
				21770DA628584E1E00ECB5D7 /* itunes-search-test.app */,
			);
			name = Products;
			sourceTree = "<group>";
		};
		21770DA828584E1E00ECB5D7 /* itunes-search-test */ = {
			isa = PBXGroup;
			children = (
				21770DCA2858BEF300ECB5D7 /* Core */,
				21770DBF2858BBC400ECB5D7 /* Views */,
				21770DBC2858BB2100ECB5D7 /* Models */,
				21770DDB2858C00800ECB5D7 /* Services */,
				21770DE12858C06900ECB5D7 /* Extensions */,
				21770DA928584E1E00ECB5D7 /* ITunesSearchApp.swift */,
				21770DAD28584E2000ECB5D7 /* Assets.xcassets */,
				21770DB428584E2000ECB5D7 /* itunes_search_test.xcdatamodeld */,
				21770DAF28584E2000ECB5D7 /* Preview Content */,
			);
			path = "itunes-search-test";
			sourceTree = "<group>";
		};
		21770DAF28584E2000ECB5D7 /* Preview Content */ = {
			isa = PBXGroup;
			children = (
				21770DB028584E2000ECB5D7 /* Preview Assets.xcassets */,
			);
			path = "Preview Content";
			sourceTree = "<group>";
		};
		21770DBC2858BB2100ECB5D7 /* Models */ = {
			isa = PBXGroup;
			children = (
				21770DBD2858BB5700ECB5D7 /* Item.swift */,
			);
			path = Models;
			sourceTree = "<group>";
		};
		21770DBF2858BBC400ECB5D7 /* Views */ = {
			isa = PBXGroup;
			children = (
				21770DEB2858C7BE00ECB5D7 /* Common */,
				21770DE62858C18C00ECB5D7 /* Details */,
				21770DC22858BD5A00ECB5D7 /* Main */,
			);
			path = Views;
			sourceTree = "<group>";
		};
		21770DC22858BD5A00ECB5D7 /* Main */ = {
			isa = PBXGroup;
			children = (
				21770DF02858D41400ECB5D7 /* FavoritesList */,
				21770DEF2858D40800ECB5D7 /* SearchList */,
				21770DC02858BD2600ECB5D7 /* MainView.swift */,
				21770DC52858BDEC00ECB5D7 /* MainListItem */,
			);
			path = Main;
			sourceTree = "<group>";
		};
		21770DC52858BDEC00ECB5D7 /* MainListItem */ = {
			isa = PBXGroup;
			children = (
				21770DC82858BE3900ECB5D7 /* MainListItemView.swift */,
				21770DC62858BE1D00ECB5D7 /* MainListItemViewModel.swift */,
			);
			path = MainListItem;
			sourceTree = "<group>";
		};
		21770DCA2858BEF300ECB5D7 /* Core */ = {
			isa = PBXGroup;
			children = (
				21770DCB2858BF0900ECB5D7 /* Constants.swift */,
				21770DCD2858BF1E00ECB5D7 /* AppError.swift */,
				21770DD52858BFA300ECB5D7 /* Network */,
			);
			path = Core;
			sourceTree = "<group>";
		};
		21770DD52858BFA300ECB5D7 /* Network */ = {
			isa = PBXGroup;
			children = (
				21770DD62858BFB800ECB5D7 /* APIConfigurationProtocol.swift */,
				21770DD82858BFD400ECB5D7 /* Routes */,
			);
			path = Network;
			sourceTree = "<group>";
		};
		21770DD82858BFD400ECB5D7 /* Routes */ = {
			isa = PBXGroup;
			children = (
				21770DD92858BFE700ECB5D7 /* SearchRoutes.swift */,
			);
			path = Routes;
			sourceTree = "<group>";
		};
		21770DDB2858C00800ECB5D7 /* Services */ = {
			isa = PBXGroup;
			children = (
				21770DDC2858C01300ECB5D7 /* APIManager */,
				21770DEE2858CCDE00ECB5D7 /* DataManager */,
			);
			path = Services;
			sourceTree = "<group>";
		};
		21770DDC2858C01300ECB5D7 /* APIManager */ = {
			isa = PBXGroup;
			children = (
				21770DDD2858C02500ECB5D7 /* APIManager.swift */,
				21770DDF2858C04700ECB5D7 /* APIManager+Search.swift */,
			);
			path = APIManager;
			sourceTree = "<group>";
		};
		21770DE12858C06900ECB5D7 /* Extensions */ = {
			isa = PBXGroup;
			children = (
				21770DE32858C07A00ECB5D7 /* AppExtensions.swift */,
				21770DE22858C07A00ECB5D7 /* Date+StringFormat.swift */,
			);
			path = Extensions;
			sourceTree = "<group>";
		};
		21770DE62858C18C00ECB5D7 /* Details */ = {
			isa = PBXGroup;
			children = (
				21770DE92858C1A700ECB5D7 /* DetailsView.swift */,
				21770DE72858C19A00ECB5D7 /* DetailsViewModel.swift */,
			);
			path = Details;
			sourceTree = "<group>";
		};
		21770DEB2858C7BE00ECB5D7 /* Common */ = {
			isa = PBXGroup;
			children = (
				21770DEC2858C7CC00ECB5D7 /* BaseViewModel.swift */,
			);
			path = Common;
			sourceTree = "<group>";
		};
		21770DEE2858CCDE00ECB5D7 /* DataManager */ = {
			isa = PBXGroup;
			children = (
				21770DB228584E2000ECB5D7 /* Persistence.swift */,
			);
			path = DataManager;
			sourceTree = "<group>";
		};
		21770DEF2858D40800ECB5D7 /* SearchList */ = {
			isa = PBXGroup;
			children = (
				21770DF32858D47900ECB5D7 /* SearchListView.swift */,
				21770DF52858D4F600ECB5D7 /* SearchListViewModel.swift */,
			);
			path = SearchList;
			sourceTree = "<group>";
		};
		21770DF02858D41400ECB5D7 /* FavoritesList */ = {
			isa = PBXGroup;
			children = (
				21770DF12858D46A00ECB5D7 /* FavoritesListView.swift */,
				21770DF72858D54E00ECB5D7 /* FavoritesListViewModel.swift */,
			);
			path = FavoritesList;
			sourceTree = "<group>";
		};
/* End PBXGroup section */

/* Begin PBXNativeTarget section */
		21770DA528584E1E00ECB5D7 /* itunes-search-test */ = {
			isa = PBXNativeTarget;
			buildConfigurationList = 21770DB928584E2000ECB5D7 /* Build configuration list for PBXNativeTarget "itunes-search-test" */;
			buildPhases = (
				21770DA228584E1E00ECB5D7 /* Sources */,
				21770DA328584E1E00ECB5D7 /* Frameworks */,
				21770DA428584E1E00ECB5D7 /* Resources */,
			);
			buildRules = (
			);
			dependencies = (
			);
			name = "itunes-search-test";
			packageProductDependencies = (
				21770DD02858BF8100ECB5D7 /* Alamofire */,
				21770DD32858BF8E00ECB5D7 /* Kingfisher */,
			);
			productName = "itunes-search-test";
			productReference = 21770DA628584E1E00ECB5D7 /* itunes-search-test.app */;
			productType = "com.apple.product-type.application";
		};
/* End PBXNativeTarget section */

/* Begin PBXProject section */
		21770D9E28584E1E00ECB5D7 /* Project object */ = {
			isa = PBXProject;
			attributes = {
				BuildIndependentTargetsInParallel = 1;
				LastSwiftUpdateCheck = 1330;
				LastUpgradeCheck = 1330;
				TargetAttributes = {
					21770DA528584E1E00ECB5D7 = {
						CreatedOnToolsVersion = 13.3.1;
					};
				};
			};
			buildConfigurationList = 21770DA128584E1E00ECB5D7 /* Build configuration list for PBXProject "itunes-search-test" */;
			compatibilityVersion = "Xcode 13.0";
			developmentRegion = en;
			hasScannedForEncodings = 0;
			knownRegions = (
				en,
				Base,
			);
			mainGroup = 21770D9D28584E1E00ECB5D7;
			packageReferences = (
				21770DCF2858BF8100ECB5D7 /* XCRemoteSwiftPackageReference "Alamofire" */,
				21770DD22858BF8E00ECB5D7 /* XCRemoteSwiftPackageReference "Kingfisher" */,
			);
			productRefGroup = 21770DA728584E1E00ECB5D7 /* Products */;
			projectDirPath = "";
			projectRoot = "";
			targets = (
				21770DA528584E1E00ECB5D7 /* itunes-search-test */,
			);
		};
/* End PBXProject section */

/* Begin PBXResourcesBuildPhase section */
		21770DA428584E1E00ECB5D7 /* Resources */ = {
			isa = PBXResourcesBuildPhase;
			buildActionMask = 2147483647;
			files = (
				21770DB128584E2000ECB5D7 /* Preview Assets.xcassets in Resources */,
				21770DAE28584E2000ECB5D7 /* Assets.xcassets in Resources */,
			);
			runOnlyForDeploymentPostprocessing = 0;
		};
/* End PBXResourcesBuildPhase section */

/* Begin PBXSourcesBuildPhase section */
		21770DA228584E1E00ECB5D7 /* Sources */ = {
			isa = PBXSourcesBuildPhase;
			buildActionMask = 2147483647;
			files = (
				21770DF62858D4F600ECB5D7 /* SearchListViewModel.swift in Sources */,
				21770DF22858D46A00ECB5D7 /* FavoritesListView.swift in Sources */,
				21770DBE2858BB5700ECB5D7 /* Item.swift in Sources */,
				21770DC72858BE1D00ECB5D7 /* MainListItemViewModel.swift in Sources */,
				21770DCE2858BF1E00ECB5D7 /* AppError.swift in Sources */,
				21770DB328584E2000ECB5D7 /* Persistence.swift in Sources */,
				21770DAA28584E1E00ECB5D7 /* ITunesSearchApp.swift in Sources */,
				21770DF82858D54E00ECB5D7 /* FavoritesListViewModel.swift in Sources */,
				21770DC92858BE3900ECB5D7 /* MainListItemView.swift in Sources */,
				21770DE02858C04700ECB5D7 /* APIManager+Search.swift in Sources */,
				21770DE42858C07A00ECB5D7 /* Date+StringFormat.swift in Sources */,
				21770DD72858BFB800ECB5D7 /* APIConfigurationProtocol.swift in Sources */,
				21770DC12858BD2600ECB5D7 /* MainView.swift in Sources */,
				21770DB628584E2000ECB5D7 /* itunes_search_test.xcdatamodeld in Sources */,
				21770DF42858D47900ECB5D7 /* SearchListView.swift in Sources */,
				21770DEA2858C1A700ECB5D7 /* DetailsView.swift in Sources */,
				21770DE82858C19A00ECB5D7 /* DetailsViewModel.swift in Sources */,
				21770DDA2858BFE700ECB5D7 /* SearchRoutes.swift in Sources */,
				21770DED2858C7CC00ECB5D7 /* BaseViewModel.swift in Sources */,
				21770DDE2858C02500ECB5D7 /* APIManager.swift in Sources */,
				21770DCC2858BF0900ECB5D7 /* Constants.swift in Sources */,
				21770DE52858C07A00ECB5D7 /* AppExtensions.swift in Sources */,
			);
			runOnlyForDeploymentPostprocessing = 0;
		};
/* End PBXSourcesBuildPhase section */

/* Begin XCBuildConfiguration section */
		21770DB728584E2000ECB5D7 /* Debug */ = {
			isa = XCBuildConfiguration;
			buildSettings = {
				ALWAYS_SEARCH_USER_PATHS = NO;
				CLANG_ANALYZER_NONNULL = YES;
				CLANG_ANALYZER_NUMBER_OBJECT_CONVERSION = YES_AGGRESSIVE;
				CLANG_CXX_LANGUAGE_STANDARD = "gnu++17";
				CLANG_ENABLE_MODULES = YES;
				CLANG_ENABLE_OBJC_ARC = YES;
				CLANG_ENABLE_OBJC_WEAK = YES;
				CLANG_WARN_BLOCK_CAPTURE_AUTORELEASING = YES;
				CLANG_WARN_BOOL_CONVERSION = YES;
				CLANG_WARN_COMMA = YES;
				CLANG_WARN_CONSTANT_CONVERSION = YES;
				CLANG_WARN_DEPRECATED_OBJC_IMPLEMENTATIONS = YES;
				CLANG_WARN_DIRECT_OBJC_ISA_USAGE = YES_ERROR;
				CLANG_WARN_DOCUMENTATION_COMMENTS = YES;
				CLANG_WARN_EMPTY_BODY = YES;
				CLANG_WARN_ENUM_CONVERSION = YES;
				CLANG_WARN_INFINITE_RECURSION = YES;
				CLANG_WARN_INT_CONVERSION = YES;
				CLANG_WARN_NON_LITERAL_NULL_CONVERSION = YES;
				CLANG_WARN_OBJC_IMPLICIT_RETAIN_SELF = YES;
				CLANG_WARN_OBJC_LITERAL_CONVERSION = YES;
				CLANG_WARN_OBJC_ROOT_CLASS = YES_ERROR;
				CLANG_WARN_QUOTED_INCLUDE_IN_FRAMEWORK_HEADER = YES;
				CLANG_WARN_RANGE_LOOP_ANALYSIS = YES;
				CLANG_WARN_STRICT_PROTOTYPES = YES;
				CLANG_WARN_SUSPICIOUS_MOVE = YES;
				CLANG_WARN_UNGUARDED_AVAILABILITY = YES_AGGRESSIVE;
				CLANG_WARN_UNREACHABLE_CODE = YES;
				CLANG_WARN__DUPLICATE_METHOD_MATCH = YES;
				COPY_PHASE_STRIP = NO;
				DEBUG_INFORMATION_FORMAT = dwarf;
				ENABLE_STRICT_OBJC_MSGSEND = YES;
				ENABLE_TESTABILITY = YES;
				GCC_C_LANGUAGE_STANDARD = gnu11;
				GCC_DYNAMIC_NO_PIC = NO;
				GCC_NO_COMMON_BLOCKS = YES;
				GCC_OPTIMIZATION_LEVEL = 0;
				GCC_PREPROCESSOR_DEFINITIONS = (
					"DEBUG=1",
					"$(inherited)",
				);
				GCC_WARN_64_TO_32_BIT_CONVERSION = YES;
				GCC_WARN_ABOUT_RETURN_TYPE = YES_ERROR;
				GCC_WARN_UNDECLARED_SELECTOR = YES;
				GCC_WARN_UNINITIALIZED_AUTOS = YES_AGGRESSIVE;
				GCC_WARN_UNUSED_FUNCTION = YES;
				GCC_WARN_UNUSED_VARIABLE = YES;
				IPHONEOS_DEPLOYMENT_TARGET = 15.4;
				MTL_ENABLE_DEBUG_INFO = INCLUDE_SOURCE;
				MTL_FAST_MATH = YES;
				ONLY_ACTIVE_ARCH = YES;
				SDKROOT = iphoneos;
				SWIFT_ACTIVE_COMPILATION_CONDITIONS = DEBUG;
				SWIFT_OPTIMIZATION_LEVEL = "-Onone";
			};
			name = Debug;
		};
		21770DB828584E2000ECB5D7 /* Release */ = {
			isa = XCBuildConfiguration;
			buildSettings = {
				ALWAYS_SEARCH_USER_PATHS = NO;
				CLANG_ANALYZER_NONNULL = YES;
				CLANG_ANALYZER_NUMBER_OBJECT_CONVERSION = YES_AGGRESSIVE;
				CLANG_CXX_LANGUAGE_STANDARD = "gnu++17";
				CLANG_ENABLE_MODULES = YES;
				CLANG_ENABLE_OBJC_ARC = YES;
				CLANG_ENABLE_OBJC_WEAK = YES;
				CLANG_WARN_BLOCK_CAPTURE_AUTORELEASING = YES;
				CLANG_WARN_BOOL_CONVERSION = YES;
				CLANG_WARN_COMMA = YES;
				CLANG_WARN_CONSTANT_CONVERSION = YES;
				CLANG_WARN_DEPRECATED_OBJC_IMPLEMENTATIONS = YES;
				CLANG_WARN_DIRECT_OBJC_ISA_USAGE = YES_ERROR;
				CLANG_WARN_DOCUMENTATION_COMMENTS = YES;
				CLANG_WARN_EMPTY_BODY = YES;
				CLANG_WARN_ENUM_CONVERSION = YES;
				CLANG_WARN_INFINITE_RECURSION = YES;
				CLANG_WARN_INT_CONVERSION = YES;
				CLANG_WARN_NON_LITERAL_NULL_CONVERSION = YES;
				CLANG_WARN_OBJC_IMPLICIT_RETAIN_SELF = YES;
				CLANG_WARN_OBJC_LITERAL_CONVERSION = YES;
				CLANG_WARN_OBJC_ROOT_CLASS = YES_ERROR;
				CLANG_WARN_QUOTED_INCLUDE_IN_FRAMEWORK_HEADER = YES;
				CLANG_WARN_RANGE_LOOP_ANALYSIS = YES;
				CLANG_WARN_STRICT_PROTOTYPES = YES;
				CLANG_WARN_SUSPICIOUS_MOVE = YES;
				CLANG_WARN_UNGUARDED_AVAILABILITY = YES_AGGRESSIVE;
				CLANG_WARN_UNREACHABLE_CODE = YES;
				CLANG_WARN__DUPLICATE_METHOD_MATCH = YES;
				COPY_PHASE_STRIP = NO;
				DEBUG_INFORMATION_FORMAT = "dwarf-with-dsym";
				ENABLE_NS_ASSERTIONS = NO;
				ENABLE_STRICT_OBJC_MSGSEND = YES;
				GCC_C_LANGUAGE_STANDARD = gnu11;
				GCC_NO_COMMON_BLOCKS = YES;
				GCC_WARN_64_TO_32_BIT_CONVERSION = YES;
				GCC_WARN_ABOUT_RETURN_TYPE = YES_ERROR;
				GCC_WARN_UNDECLARED_SELECTOR = YES;
				GCC_WARN_UNINITIALIZED_AUTOS = YES_AGGRESSIVE;
				GCC_WARN_UNUSED_FUNCTION = YES;
				GCC_WARN_UNUSED_VARIABLE = YES;
				IPHONEOS_DEPLOYMENT_TARGET = 15.4;
				MTL_ENABLE_DEBUG_INFO = NO;
				MTL_FAST_MATH = YES;
				SDKROOT = iphoneos;
				SWIFT_COMPILATION_MODE = wholemodule;
				SWIFT_OPTIMIZATION_LEVEL = "-O";
				VALIDATE_PRODUCT = YES;
			};
			name = Release;
		};
		21770DBA28584E2000ECB5D7 /* Debug */ = {
			isa = XCBuildConfiguration;
			buildSettings = {
				ASSETCATALOG_COMPILER_APPICON_NAME = AppIcon;
				ASSETCATALOG_COMPILER_GLOBAL_ACCENT_COLOR_NAME = AccentColor;
				CODE_SIGN_STYLE = Automatic;
				CURRENT_PROJECT_VERSION = 1;
				DEVELOPMENT_ASSET_PATHS = "\"itunes-search-test/Preview Content\"";
				ENABLE_PREVIEWS = YES;
				GENERATE_INFOPLIST_FILE = YES;
				INFOPLIST_KEY_UIApplicationSceneManifest_Generation = YES;
				INFOPLIST_KEY_UIApplicationSupportsIndirectInputEvents = YES;
				INFOPLIST_KEY_UILaunchScreen_Generation = YES;
				INFOPLIST_KEY_UISupportedInterfaceOrientations_iPad = "UIInterfaceOrientationPortrait UIInterfaceOrientationPortraitUpsideDown UIInterfaceOrientationLandscapeLeft UIInterfaceOrientationLandscapeRight";
				INFOPLIST_KEY_UISupportedInterfaceOrientations_iPhone = "UIInterfaceOrientationPortrait UIInterfaceOrientationLandscapeLeft UIInterfaceOrientationLandscapeRight";
				LD_RUNPATH_SEARCH_PATHS = (
					"$(inherited)",
					"@executable_path/Frameworks",
				);
				MARKETING_VERSION = 1.0;
				PRODUCT_BUNDLE_IDENTIFIER = "com.local.itunes-search-test";
				PRODUCT_NAME = "$(TARGET_NAME)";
				SWIFT_EMIT_LOC_STRINGS = YES;
				SWIFT_VERSION = 5.0;
				TARGETED_DEVICE_FAMILY = "1,2";
			};
			name = Debug;
		};
		21770DBB28584E2000ECB5D7 /* Release */ = {
			isa = XCBuildConfiguration;
			buildSettings = {
				ASSETCATALOG_COMPILER_APPICON_NAME = AppIcon;
				ASSETCATALOG_COMPILER_GLOBAL_ACCENT_COLOR_NAME = AccentColor;
				CODE_SIGN_STYLE = Automatic;
				CURRENT_PROJECT_VERSION = 1;
				DEVELOPMENT_ASSET_PATHS = "\"itunes-search-test/Preview Content\"";
				ENABLE_PREVIEWS = YES;
				GENERATE_INFOPLIST_FILE = YES;
				INFOPLIST_KEY_UIApplicationSceneManifest_Generation = YES;
				INFOPLIST_KEY_UIApplicationSupportsIndirectInputEvents = YES;
				INFOPLIST_KEY_UILaunchScreen_Generation = YES;
				INFOPLIST_KEY_UISupportedInterfaceOrientations_iPad = "UIInterfaceOrientationPortrait UIInterfaceOrientationPortraitUpsideDown UIInterfaceOrientationLandscapeLeft UIInterfaceOrientationLandscapeRight";
				INFOPLIST_KEY_UISupportedInterfaceOrientations_iPhone = "UIInterfaceOrientationPortrait UIInterfaceOrientationLandscapeLeft UIInterfaceOrientationLandscapeRight";
				LD_RUNPATH_SEARCH_PATHS = (
					"$(inherited)",
					"@executable_path/Frameworks",
				);
				MARKETING_VERSION = 1.0;
				PRODUCT_BUNDLE_IDENTIFIER = "com.local.itunes-search-test";
				PRODUCT_NAME = "$(TARGET_NAME)";
				SWIFT_EMIT_LOC_STRINGS = YES;
				SWIFT_VERSION = 5.0;
				TARGETED_DEVICE_FAMILY = "1,2";
			};
			name = Release;
		};
/* End XCBuildConfiguration section */

/* Begin XCConfigurationList section */
		21770DA128584E1E00ECB5D7 /* Build configuration list for PBXProject "itunes-search-test" */ = {
			isa = XCConfigurationList;
			buildConfigurations = (
				21770DB728584E2000ECB5D7 /* Debug */,
				21770DB828584E2000ECB5D7 /* Release */,
			);
			defaultConfigurationIsVisible = 0;
			defaultConfigurationName = Release;
		};
		21770DB928584E2000ECB5D7 /* Build configuration list for PBXNativeTarget "itunes-search-test" */ = {
			isa = XCConfigurationList;
			buildConfigurations = (
				21770DBA28584E2000ECB5D7 /* Debug */,
				21770DBB28584E2000ECB5D7 /* Release */,
			);
			defaultConfigurationIsVisible = 0;
			defaultConfigurationName = Release;
		};
/* End XCConfigurationList section */

/* Begin XCRemoteSwiftPackageReference section */
		21770DCF2858BF8100ECB5D7 /* XCRemoteSwiftPackageReference "Alamofire" */ = {
			isa = XCRemoteSwiftPackageReference;
			repositoryURL = "https://github.com/Alamofire/Alamofire.git";
			requirement = {
				kind = upToNextMajorVersion;
				minimumVersion = 5.0.0;
			};
		};
		21770DD22858BF8E00ECB5D7 /* XCRemoteSwiftPackageReference "Kingfisher" */ = {
			isa = XCRemoteSwiftPackageReference;
			repositoryURL = "https://github.com/onevcat/Kingfisher.git";
			requirement = {
				kind = upToNextMajorVersion;
				minimumVersion = 7.0.0;
			};
		};
/* End XCRemoteSwiftPackageReference section */

/* Begin XCSwiftPackageProductDependency section */
		21770DD02858BF8100ECB5D7 /* Alamofire */ = {
			isa = XCSwiftPackageProductDependency;
			package = 21770DCF2858BF8100ECB5D7 /* XCRemoteSwiftPackageReference "Alamofire" */;
			productName = Alamofire;
		};
		21770DD32858BF8E00ECB5D7 /* Kingfisher */ = {
			isa = XCSwiftPackageProductDependency;
			package = 21770DD22858BF8E00ECB5D7 /* XCRemoteSwiftPackageReference "Kingfisher" */;
			productName = Kingfisher;
		};
/* End XCSwiftPackageProductDependency section */

/* Begin XCVersionGroup section */
		21770DB428584E2000ECB5D7 /* itunes_search_test.xcdatamodeld */ = {
			isa = XCVersionGroup;
			children = (
				21770DB528584E2000ECB5D7 /* itunes_search_test.xcdatamodel */,
			);
			currentVersion = 21770DB528584E2000ECB5D7 /* itunes_search_test.xcdatamodel */;
			path = itunes_search_test.xcdatamodeld;
			sourceTree = "<group>";
			versionGroupType = wrapper.xcdatamodel;
		};
/* End XCVersionGroup section */
	};
	rootObject = 21770D9E28584E1E00ECB5D7 /* Project object */;
}
